// !$*UTF8*$!
{
	archiveVersion = 1;
	classes = {
	};
	objectVersion = 56;
	objects = {

/* Begin PBXBuildFile section */
		BD1F7D382A44BFED00D7CBF5 /* allAboutMe_VidhiApp.swift in Sources */ = {isa = PBXBuildFile; fileRef = BD1F7D372A44BFED00D7CBF5 /* allAboutMe_VidhiApp.swift */; };
		BD1F7D3A2A44BFED00D7CBF5 /* ContentView.swift in Sources */ = {isa = PBXBuildFile; fileRef = BD1F7D392A44BFED00D7CBF5 /* ContentView.swift */; };
		BD1F7D3C2A44BFEF00D7CBF5 /* Assets.xcassets in Resources */ = {isa = PBXBuildFile; fileRef = BD1F7D3B2A44BFEF00D7CBF5 /* Assets.xcassets */; };
		BD1F7D3F2A44BFEF00D7CBF5 /* Preview Assets.xcassets in Resources */ = {isa = PBXBuildFile; fileRef = BD1F7D3E2A44BFEF00D7CBF5 /* Preview Assets.xcassets */; };
		BD1F7D492A44BFEF00D7CBF5 /* allAboutMe_VidhiTests.swift in Sources */ = {isa = PBXBuildFile; fileRef = BD1F7D482A44BFEF00D7CBF5 /* allAboutMe_VidhiTests.swift */; };
		BD1F7D532A44BFEF00D7CBF5 /* allAboutMe_VidhiUITests.swift in Sources */ = {isa = PBXBuildFile; fileRef = BD1F7D522A44BFEF00D7CBF5 /* allAboutMe_VidhiUITests.swift */; };
		BD1F7D552A44BFEF00D7CBF5 /* allAboutMe_VidhiUITestsLaunchTests.swift in Sources */ = {isa = PBXBuildFile; fileRef = BD1F7D542A44BFEF00D7CBF5 /* allAboutMe_VidhiUITestsLaunchTests.swift */; };
/* End PBXBuildFile section */

/* Begin PBXContainerItemProxy section */
		BD1F7D452A44BFEF00D7CBF5 /* PBXContainerItemProxy */ = {
			isa = PBXContainerItemProxy;
			containerPortal = BD1F7D2C2A44BFED00D7CBF5 /* Project object */;
			proxyType = 1;
			remoteGlobalIDString = BD1F7D332A44BFED00D7CBF5;
			remoteInfo = allAboutMe_Vidhi;
		};
		BD1F7D4F2A44BFEF00D7CBF5 /* PBXContainerItemProxy */ = {
			isa = PBXContainerItemProxy;
			containerPortal = BD1F7D2C2A44BFED00D7CBF5 /* Project object */;
			proxyType = 1;
			remoteGlobalIDString = BD1F7D332A44BFED00D7CBF5;
			remoteInfo = allAboutMe_Vidhi;
		};
/* End PBXContainerItemProxy section */

/* Begin PBXFileReference section */
		BD1F7D342A44BFED00D7CBF5 /* allAboutMe_Vidhi.app */ = {isa = PBXFileReference; explicitFileType = wrapper.application; includeInIndex = 0; path = allAboutMe_Vidhi.app; sourceTree = BUILT_PRODUCTS_DIR; };
		BD1F7D372A44BFED00D7CBF5 /* allAboutMe_VidhiApp.swift */ = {isa = PBXFileReference; lastKnownFileType = sourcecode.swift; path = allAboutMe_VidhiApp.swift; sourceTree = "<group>"; };
		BD1F7D392A44BFED00D7CBF5 /* ContentView.swift */ = {isa = PBXFileReference; lastKnownFileType = sourcecode.swift; path = ContentView.swift; sourceTree = "<group>"; };
		BD1F7D3B2A44BFEF00D7CBF5 /* Assets.xcassets */ = {isa = PBXFileReference; lastKnownFileType = folder.assetcatalog; path = Assets.xcassets; sourceTree = "<group>"; };
		BD1F7D3E2A44BFEF00D7CBF5 /* Preview Assets.xcassets */ = {isa = PBXFileReference; lastKnownFileType = folder.assetcatalog; path = "Preview Assets.xcassets"; sourceTree = "<group>"; };
		BD1F7D442A44BFEF00D7CBF5 /* allAboutMe_VidhiTests.xctest */ = {isa = PBXFileReference; explicitFileType = wrapper.cfbundle; includeInIndex = 0; path = allAboutMe_VidhiTests.xctest; sourceTree = BUILT_PRODUCTS_DIR; };
		BD1F7D482A44BFEF00D7CBF5 /* allAboutMe_VidhiTests.swift */ = {isa = PBXFileReference; lastKnownFileType = sourcecode.swift; path = allAboutMe_VidhiTests.swift; sourceTree = "<group>"; };
		BD1F7D4E2A44BFEF00D7CBF5 /* allAboutMe_VidhiUITests.xctest */ = {isa = PBXFileReference; explicitFileType = wrapper.cfbundle; includeInIndex = 0; path = allAboutMe_VidhiUITests.xctest; sourceTree = BUILT_PRODUCTS_DIR; };
		BD1F7D522A44BFEF00D7CBF5 /* allAboutMe_VidhiUITests.swift */ = {isa = PBXFileReference; lastKnownFileType = sourcecode.swift; path = allAboutMe_VidhiUITests.swift; sourceTree = "<group>"; };
		BD1F7D542A44BFEF00D7CBF5 /* allAboutMe_VidhiUITestsLaunchTests.swift */ = {isa = PBXFileReference; lastKnownFileType = sourcecode.swift; path = allAboutMe_VidhiUITestsLaunchTests.swift; sourceTree = "<group>"; };
/* End PBXFileReference section */

/* Begin PBXFrameworksBuildPhase section */
		BD1F7D312A44BFED00D7CBF5 /* Frameworks */ = {
			isa = PBXFrameworksBuildPhase;
			buildActionMask = 2147483647;
			files = (
			);
			runOnlyForDeploymentPostprocessing = 0;
		};
		BD1F7D412A44BFEF00D7CBF5 /* Frameworks */ = {
			isa = PBXFrameworksBuildPhase;
			buildActionMask = 2147483647;
			files = (
			);
			runOnlyForDeploymentPostprocessing = 0;
		};
		BD1F7D4B2A44BFEF00D7CBF5 /* Frameworks */ = {
			isa = PBXFrameworksBuildPhase;
			buildActionMask = 2147483647;
			files = (
			);
			runOnlyForDeploymentPostprocessing = 0;
		};
/* End PBXFrameworksBuildPhase section */

/* Begin PBXGroup section */
		BD1F7D2B2A44BFED00D7CBF5 = {
			isa = PBXGroup;
			children = (
				BD1F7D362A44BFED00D7CBF5 /* allAboutMe_Vidhi */,
				BD1F7D472A44BFEF00D7CBF5 /* allAboutMe_VidhiTests */,
				BD1F7D512A44BFEF00D7CBF5 /* allAboutMe_VidhiUITests */,
				BD1F7D352A44BFED00D7CBF5 /* Products */,
			);
			sourceTree = "<group>";
		};
		BD1F7D352A44BFED00D7CBF5 /* Products */ = {
			isa = PBXGroup;
			children = (
				BD1F7D342A44BFED00D7CBF5 /* allAboutMe_Vidhi.app */,
				BD1F7D442A44BFEF00D7CBF5 /* allAboutMe_VidhiTests.xctest */,
				BD1F7D4E2A44BFEF00D7CBF5 /* allAboutMe_VidhiUITests.xctest */,
			);
			name = Products;
			sourceTree = "<group>";
		};
		BD1F7D362A44BFED00D7CBF5 /* allAboutMe_Vidhi */ = {
			isa = PBXGroup;
			children = (
				BD1F7D372A44BFED00D7CBF5 /* allAboutMe_VidhiApp.swift */,
				BD1F7D392A44BFED00D7CBF5 /* ContentView.swift */,
				BD1F7D3B2A44BFEF00D7CBF5 /* Assets.xcassets */,
				BD1F7D3D2A44BFEF00D7CBF5 /* Preview Content */,
			);
			path = allAboutMe_Vidhi;
			sourceTree = "<group>";
		};
		BD1F7D3D2A44BFEF00D7CBF5 /* Preview Content */ = {
			isa = PBXGroup;
			children = (
				BD1F7D3E2A44BFEF00D7CBF5 /* Preview Assets.xcassets */,
			);
			path = "Preview Content";
			sourceTree = "<group>";
		};
		BD1F7D472A44BFEF00D7CBF5 /* allAboutMe_VidhiTests */ = {
			isa = PBXGroup;
			children = (
				BD1F7D482A44BFEF00D7CBF5 /* allAboutMe_VidhiTests.swift */,
			);
			path = allAboutMe_VidhiTests;
			sourceTree = "<group>";
		};
		BD1F7D512A44BFEF00D7CBF5 /* allAboutMe_VidhiUITests */ = {
			isa = PBXGroup;
			children = (
				BD1F7D522A44BFEF00D7CBF5 /* allAboutMe_VidhiUITests.swift */,
				BD1F7D542A44BFEF00D7CBF5 /* allAboutMe_VidhiUITestsLaunchTests.swift */,
			);
			path = allAboutMe_VidhiUITests;
			sourceTree = "<group>";
		};
/* End PBXGroup section */

/* Begin PBXNativeTarget section */
		BD1F7D332A44BFED00D7CBF5 /* allAboutMe_Vidhi */ = {
			isa = PBXNativeTarget;
			buildConfigurationList = BD1F7D582A44BFEF00D7CBF5 /* Build configuration list for PBXNativeTarget "allAboutMe_Vidhi" */;
			buildPhases = (
				BD1F7D302A44BFED00D7CBF5 /* Sources */,
				BD1F7D312A44BFED00D7CBF5 /* Frameworks */,
				BD1F7D322A44BFED00D7CBF5 /* Resources */,
			);
			buildRules = (
			);
			dependencies = (
			);
			name = allAboutMe_Vidhi;
			productName = allAboutMe_Vidhi;
			productReference = BD1F7D342A44BFED00D7CBF5 /* allAboutMe_Vidhi.app */;
			productType = "com.apple.product-type.application";
		};
		BD1F7D432A44BFEF00D7CBF5 /* allAboutMe_VidhiTests */ = {
			isa = PBXNativeTarget;
			buildConfigurationList = BD1F7D5B2A44BFEF00D7CBF5 /* Build configuration list for PBXNativeTarget "allAboutMe_VidhiTests" */;
			buildPhases = (
				BD1F7D402A44BFEF00D7CBF5 /* Sources */,
				BD1F7D412A44BFEF00D7CBF5 /* Frameworks */,
				BD1F7D422A44BFEF00D7CBF5 /* Resources */,
			);
			buildRules = (
			);
			dependencies = (
				BD1F7D462A44BFEF00D7CBF5 /* PBXTargetDependency */,
			);
			name = allAboutMe_VidhiTests;
			productName = allAboutMe_VidhiTests;
			productReference = BD1F7D442A44BFEF00D7CBF5 /* allAboutMe_VidhiTests.xctest */;
			productType = "com.apple.product-type.bundle.unit-test";
		};
		BD1F7D4D2A44BFEF00D7CBF5 /* allAboutMe_VidhiUITests */ = {
			isa = PBXNativeTarget;
			buildConfigurationList = BD1F7D5E2A44BFEF00D7CBF5 /* Build configuration list for PBXNativeTarget "allAboutMe_VidhiUITests" */;
			buildPhases = (
				BD1F7D4A2A44BFEF00D7CBF5 /* Sources */,
				BD1F7D4B2A44BFEF00D7CBF5 /* Frameworks */,
				BD1F7D4C2A44BFEF00D7CBF5 /* Resources */,
			);
			buildRules = (
			);
			dependencies = (
				BD1F7D502A44BFEF00D7CBF5 /* PBXTargetDependency */,
			);
			name = allAboutMe_VidhiUITests;
			productName = allAboutMe_VidhiUITests;
			productReference = BD1F7D4E2A44BFEF00D7CBF5 /* allAboutMe_VidhiUITests.xctest */;
			productType = "com.apple.product-type.bundle.ui-testing";
		};
/* End PBXNativeTarget section */

/* Begin PBXProject section */
		BD1F7D2C2A44BFED00D7CBF5 /* Project object */ = {
			isa = PBXProject;
			attributes = {
				BuildIndependentTargetsInParallel = 1;
				LastSwiftUpdateCheck = 1430;
				LastUpgradeCheck = 1430;
				TargetAttributes = {
					BD1F7D332A44BFED00D7CBF5 = {
						CreatedOnToolsVersion = 14.3.1;
					};
					BD1F7D432A44BFEF00D7CBF5 = {
						CreatedOnToolsVersion = 14.3.1;
						TestTargetID = BD1F7D332A44BFED00D7CBF5;
					};
					BD1F7D4D2A44BFEF00D7CBF5 = {
						CreatedOnToolsVersion = 14.3.1;
						TestTargetID = BD1F7D332A44BFED00D7CBF5;
					};
				};
			};
			buildConfigurationList = BD1F7D2F2A44BFED00D7CBF5 /* Build configuration list for PBXProject "allAboutMe_Vidhi" */;
			compatibilityVersion = "Xcode 14.0";
			developmentRegion = en;
			hasScannedForEncodings = 0;
			knownRegions = (
				en,
				Base,
			);
			mainGroup = BD1F7D2B2A44BFED00D7CBF5;
			productRefGroup = BD1F7D352A44BFED00D7CBF5 /* Products */;
			projectDirPath = "";
			projectRoot = "";
			targets = (
				BD1F7D332A44BFED00D7CBF5 /* allAboutMe_Vidhi */,
				BD1F7D432A44BFEF00D7CBF5 /* allAboutMe_VidhiTests */,
				BD1F7D4D2A44BFEF00D7CBF5 /* allAboutMe_VidhiUITests */,
			);
		};
/* End PBXProject section */

/* Begin PBXResourcesBuildPhase section */
		BD1F7D322A44BFED00D7CBF5 /* Resources */ = {
			isa = PBXResourcesBuildPhase;
			buildActionMask = 2147483647;
			files = (
				BD1F7D3F2A44BFEF00D7CBF5 /* Preview Assets.xcassets in Resources */,
				BD1F7D3C2A44BFEF00D7CBF5 /* Assets.xcassets in Resources */,
			);
			runOnlyForDeploymentPostprocessing = 0;
		};
		BD1F7D422A44BFEF00D7CBF5 /* Resources */ = {
			isa = PBXResourcesBuildPhase;
			buildActionMask = 2147483647;
			files = (
			);
			runOnlyForDeploymentPostprocessing = 0;
		};
		BD1F7D4C2A44BFEF00D7CBF5 /* Resources */ = {
			isa = PBXResourcesBuildPhase;
			buildActionMask = 2147483647;
			files = (
			);
			runOnlyForDeploymentPostprocessing = 0;
		};
/* End PBXResourcesBuildPhase section */

/* Begin PBXSourcesBuildPhase section */
		BD1F7D302A44BFED00D7CBF5 /* Sources */ = {
			isa = PBXSourcesBuildPhase;
			buildActionMask = 2147483647;
			files = (
				BD1F7D3A2A44BFED00D7CBF5 /* ContentView.swift in Sources */,
				BD1F7D382A44BFED00D7CBF5 /* allAboutMe_VidhiApp.swift in Sources */,
			);
			runOnlyForDeploymentPostprocessing = 0;
		};
		BD1F7D402A44BFEF00D7CBF5 /* Sources */ = {
			isa = PBXSourcesBuildPhase;
			buildActionMask = 2147483647;
			files = (
				BD1F7D492A44BFEF00D7CBF5 /* allAboutMe_VidhiTests.swift in Sources */,
			);
			runOnlyForDeploymentPostprocessing = 0;
		};
		BD1F7D4A2A44BFEF00D7CBF5 /* Sources */ = {
			isa = PBXSourcesBuildPhase;
			buildActionMask = 2147483647;
			files = (
				BD1F7D532A44BFEF00D7CBF5 /* allAboutMe_VidhiUITests.swift in Sources */,
				BD1F7D552A44BFEF00D7CBF5 /* allAboutMe_VidhiUITestsLaunchTests.swift in Sources */,
			);
			runOnlyForDeploymentPostprocessing = 0;
		};
/* End PBXSourcesBuildPhase section */

/* Begin PBXTargetDependency section */
		BD1F7D462A44BFEF00D7CBF5 /* PBXTargetDependency */ = {
			isa = PBXTargetDependency;
			target = BD1F7D332A44BFED00D7CBF5 /* allAboutMe_Vidhi */;
			targetProxy = BD1F7D452A44BFEF00D7CBF5 /* PBXContainerItemProxy */;
		};
		BD1F7D502A44BFEF00D7CBF5 /* PBXTargetDependency */ = {
			isa = PBXTargetDependency;
			target = BD1F7D332A44BFED00D7CBF5 /* allAboutMe_Vidhi */;
			targetProxy = BD1F7D4F2A44BFEF00D7CBF5 /* PBXContainerItemProxy */;
		};
/* End PBXTargetDependency section */

/* Begin XCBuildConfiguration section */
		BD1F7D562A44BFEF00D7CBF5 /* Debug */ = {
			isa = XCBuildConfiguration;
			buildSettings = {
				ALWAYS_SEARCH_USER_PATHS = NO;
				CLANG_ANALYZER_NONNULL = YES;
				CLANG_ANALYZER_NUMBER_OBJECT_CONVERSION = YES_AGGRESSIVE;
				CLANG_CXX_LANGUAGE_STANDARD = "gnu++20";
				CLANG_ENABLE_MODULES = YES;
				CLANG_ENABLE_OBJC_ARC = YES;
				CLANG_ENABLE_OBJC_WEAK = YES;
				CLANG_WARN_BLOCK_CAPTURE_AUTORELEASING = YES;
				CLANG_WARN_BOOL_CONVERSION = YES;
				CLANG_WARN_COMMA = YES;
				CLANG_WARN_CONSTANT_CONVERSION = YES;
				CLANG_WARN_DEPRECATED_OBJC_IMPLEMENTATIONS = YES;
				CLANG_WARN_DIRECT_OBJC_ISA_USAGE = YES_ERROR;
				CLANG_WARN_DOCUMENTATION_COMMENTS = YES;
				CLANG_WARN_EMPTY_BODY = YES;
				CLANG_WARN_ENUM_CONVERSION = YES;
				CLANG_WARN_INFINITE_RECURSION = YES;
				CLANG_WARN_INT_CONVERSION = YES;
				CLANG_WARN_NON_LITERAL_NULL_CONVERSION = YES;
				CLANG_WARN_OBJC_IMPLICIT_RETAIN_SELF = YES;
				CLANG_WARN_OBJC_LITERAL_CONVERSION = YES;
				CLANG_WARN_OBJC_ROOT_CLASS = YES_ERROR;
				CLANG_WARN_QUOTED_INCLUDE_IN_FRAMEWORK_HEADER = YES;
				CLANG_WARN_RANGE_LOOP_ANALYSIS = YES;
				CLANG_WARN_STRICT_PROTOTYPES = YES;
				CLANG_WARN_SUSPICIOUS_MOVE = YES;
				CLANG_WARN_UNGUARDED_AVAILABILITY = YES_AGGRESSIVE;
				CLANG_WARN_UNREACHABLE_CODE = YES;
				CLANG_WARN__DUPLICATE_METHOD_MATCH = YES;
				COPY_PHASE_STRIP = NO;
				DEBUG_INFORMATION_FORMAT = dwarf;
				ENABLE_STRICT_OBJC_MSGSEND = YES;
				ENABLE_TESTABILITY = YES;
				GCC_C_LANGUAGE_STANDARD = gnu11;
				GCC_DYNAMIC_NO_PIC = NO;
				GCC_NO_COMMON_BLOCKS = YES;
				GCC_OPTIMIZATION_LEVEL = 0;
				GCC_PREPROCESSOR_DEFINITIONS = (
					"DEBUG=1",
					"$(inherited)",
				);
				GCC_WARN_64_TO_32_BIT_CONVERSION = YES;
				GCC_WARN_ABOUT_RETURN_TYPE = YES_ERROR;
				GCC_WARN_UNDECLARED_SELECTOR = YES;
				GCC_WARN_UNINITIALIZED_AUTOS = YES_AGGRESSIVE;
				GCC_WARN_UNUSED_FUNCTION = YES;
				GCC_WARN_UNUSED_VARIABLE = YES;
				IPHONEOS_DEPLOYMENT_TARGET = 16.4;
				MTL_ENABLE_DEBUG_INFO = INCLUDE_SOURCE;
				MTL_FAST_MATH = YES;
				ONLY_ACTIVE_ARCH = YES;
				SDKROOT = iphoneos;
				SWIFT_ACTIVE_COMPILATION_CONDITIONS = DEBUG;
				SWIFT_OPTIMIZATION_LEVEL = "-Onone";
			};
			name = Debug;
		};
		BD1F7D572A44BFEF00D7CBF5 /* Release */ = {
			isa = XCBuildConfiguration;
			buildSettings = {
				ALWAYS_SEARCH_USER_PATHS = NO;
				CLANG_ANALYZER_NONNULL = YES;
				CLANG_ANALYZER_NUMBER_OBJECT_CONVERSION = YES_AGGRESSIVE;
				CLANG_CXX_LANGUAGE_STANDARD = "gnu++20";
				CLANG_ENABLE_MODULES = YES;
				CLANG_ENABLE_OBJC_ARC = YES;
				CLANG_ENABLE_OBJC_WEAK = YES;
				CLANG_WARN_BLOCK_CAPTURE_AUTORELEASING = YES;
				CLANG_WARN_BOOL_CONVERSION = YES;
				CLANG_WARN_COMMA = YES;
				CLANG_WARN_CONSTANT_CONVERSION = YES;
				CLANG_WARN_DEPRECATED_OBJC_IMPLEMENTATIONS = YES;
				CLANG_WARN_DIRECT_OBJC_ISA_USAGE = YES_ERROR;
				CLANG_WARN_DOCUMENTATION_COMMENTS = YES;
				CLANG_WARN_EMPTY_BODY = YES;
				CLANG_WARN_ENUM_CONVERSION = YES;
				CLANG_WARN_INFINITE_RECURSION = YES;
				CLANG_WARN_INT_CONVERSION = YES;
				CLANG_WARN_NON_LITERAL_NULL_CONVERSION = YES;
				CLANG_WARN_OBJC_IMPLICIT_RETAIN_SELF = YES;
				CLANG_WARN_OBJC_LITERAL_CONVERSION = YES;
				CLANG_WARN_OBJC_ROOT_CLASS = YES_ERROR;
				CLANG_WARN_QUOTED_INCLUDE_IN_FRAMEWORK_HEADER = YES;
				CLANG_WARN_RANGE_LOOP_ANALYSIS = YES;
				CLANG_WARN_STRICT_PROTOTYPES = YES;
				CLANG_WARN_SUSPICIOUS_MOVE = YES;
				CLANG_WARN_UNGUARDED_AVAILABILITY = YES_AGGRESSIVE;
				CLANG_WARN_UNREACHABLE_CODE = YES;
				CLANG_WARN__DUPLICATE_METHOD_MATCH = YES;
				COPY_PHASE_STRIP = NO;
				DEBUG_INFORMATION_FORMAT = "dwarf-with-dsym";
				ENABLE_NS_ASSERTIONS = NO;
				ENABLE_STRICT_OBJC_MSGSEND = YES;
				GCC_C_LANGUAGE_STANDARD = gnu11;
				GCC_NO_COMMON_BLOCKS = YES;
				GCC_WARN_64_TO_32_BIT_CONVERSION = YES;
				GCC_WARN_ABOUT_RETURN_TYPE = YES_ERROR;
				GCC_WARN_UNDECLARED_SELECTOR = YES;
				GCC_WARN_UNINITIALIZED_AUTOS = YES_AGGRESSIVE;
				GCC_WARN_UNUSED_FUNCTION = YES;
				GCC_WARN_UNUSED_VARIABLE = YES;
				IPHONEOS_DEPLOYMENT_TARGET = 16.4;
				MTL_ENABLE_DEBUG_INFO = NO;
				MTL_FAST_MATH = YES;
				SDKROOT = iphoneos;
				SWIFT_COMPILATION_MODE = wholemodule;
				SWIFT_OPTIMIZATION_LEVEL = "-O";
				VALIDATE_PRODUCT = YES;
			};
			name = Release;
		};
		BD1F7D592A44BFEF00D7CBF5 /* Debug */ = {
			isa = XCBuildConfiguration;
			buildSettings = {
				ASSETCATALOG_COMPILER_APPICON_NAME = AppIcon;
				ASSETCATALOG_COMPILER_GLOBAL_ACCENT_COLOR_NAME = AccentColor;
				CODE_SIGN_STYLE = Automatic;
				CURRENT_PROJECT_VERSION = 1;
				DEVELOPMENT_ASSET_PATHS = "\"allAboutMe_Vidhi/Preview Content\"";
				ENABLE_PREVIEWS = YES;
				GENERATE_INFOPLIST_FILE = YES;
				INFOPLIST_KEY_UIApplicationSceneManifest_Generation = YES;
				INFOPLIST_KEY_UIApplicationSupportsIndirectInputEvents = YES;
				INFOPLIST_KEY_UILaunchScreen_Generation = YES;
				INFOPLIST_KEY_UISupportedInterfaceOrientations_iPad = "UIInterfaceOrientationPortrait UIInterfaceOrientationPortraitUpsideDown UIInterfaceOrientationLandscapeLeft UIInterfaceOrientationLandscapeRight";
				INFOPLIST_KEY_UISupportedInterfaceOrientations_iPhone = "UIInterfaceOrientationPortrait UIInterfaceOrientationLandscapeLeft UIInterfaceOrientationLandscapeRight";
				LD_RUNPATH_SEARCH_PATHS = (
					"$(inherited)",
					"@executable_path/Frameworks",
				);
				MARKETING_VERSION = 1.0;
				PRODUCT_BUNDLE_IDENTIFIER = "KWK.allAboutMe-Vidhi";
				PRODUCT_NAME = "$(TARGET_NAME)";
				SWIFT_EMIT_LOC_STRINGS = YES;
				SWIFT_VERSION = 5.0;
				TARGETED_DEVICE_FAMILY = "1,2";
			};
			name = Debug;
		};
		BD1F7D5A2A44BFEF00D7CBF5 /* Release */ = {
			isa = XCBuildConfiguration;
			buildSettings = {
				ASSETCATALOG_COMPILER_APPICON_NAME = AppIcon;
				ASSETCATALOG_COMPILER_GLOBAL_ACCENT_COLOR_NAME = AccentColor;
				CODE_SIGN_STYLE = Automatic;
				CURRENT_PROJECT_VERSION = 1;
				DEVELOPMENT_ASSET_PATHS = "\"allAboutMe_Vidhi/Preview Content\"";
				ENABLE_PREVIEWS = YES;
				GENERATE_INFOPLIST_FILE = YES;
				INFOPLIST_KEY_UIApplicationSceneManifest_Generation = YES;
				INFOPLIST_KEY_UIApplicationSupportsIndirectInputEvents = YES;
				INFOPLIST_KEY_UILaunchScreen_Generation = YES;
				INFOPLIST_KEY_UISupportedInterfaceOrientations_iPad = "UIInterfaceOrientationPortrait UIInterfaceOrientationPortraitUpsideDown UIInterfaceOrientationLandscapeLeft UIInterfaceOrientationLandscapeRight";
				INFOPLIST_KEY_UISupportedInterfaceOrientations_iPhone = "UIInterfaceOrientationPortrait UIInterfaceOrientationLandscapeLeft UIInterfaceOrientationLandscapeRight";
				LD_RUNPATH_SEARCH_PATHS = (
					"$(inherited)",
					"@executable_path/Frameworks",
				);
				MARKETING_VERSION = 1.0;
				PRODUCT_BUNDLE_IDENTIFIER = "KWK.allAboutMe-Vidhi";
				PRODUCT_NAME = "$(TARGET_NAME)";
				SWIFT_EMIT_LOC_STRINGS = YES;
				SWIFT_VERSION = 5.0;
				TARGETED_DEVICE_FAMILY = "1,2";
			};
			name = Release;
		};
		BD1F7D5C2A44BFEF00D7CBF5 /* Debug */ = {
			isa = XCBuildConfiguration;
			buildSettings = {
				ALWAYS_EMBED_SWIFT_STANDARD_LIBRARIES = YES;
				BUNDLE_LOADER = "$(TEST_HOST)";
				CODE_SIGN_STYLE = Automatic;
				CURRENT_PROJECT_VERSION = 1;
				GENERATE_INFOPLIST_FILE = YES;
				IPHONEOS_DEPLOYMENT_TARGET = 16.4;
				MARKETING_VERSION = 1.0;
				PRODUCT_BUNDLE_IDENTIFIER = "KWK.allAboutMe-VidhiTests";
				PRODUCT_NAME = "$(TARGET_NAME)";
				SWIFT_EMIT_LOC_STRINGS = NO;
				SWIFT_VERSION = 5.0;
				TARGETED_DEVICE_FAMILY = "1,2";
				TEST_HOST = "$(BUILT_PRODUCTS_DIR)/allAboutMe_Vidhi.app/$(BUNDLE_EXECUTABLE_FOLDER_PATH)/allAboutMe_Vidhi";
			};
			name = Debug;
		};
		BD1F7D5D2A44BFEF00D7CBF5 /* Release */ = {
			isa = XCBuildConfiguration;
			buildSettings = {
				ALWAYS_EMBED_SWIFT_STANDARD_LIBRARIES = YES;
				BUNDLE_LOADER = "$(TEST_HOST)";
				CODE_SIGN_STYLE = Automatic;
				CURRENT_PROJECT_VERSION = 1;
				GENERATE_INFOPLIST_FILE = YES;
				IPHONEOS_DEPLOYMENT_TARGET = 16.4;
				MARKETING_VERSION = 1.0;
				PRODUCT_BUNDLE_IDENTIFIER = "KWK.allAboutMe-VidhiTests";
				PRODUCT_NAME = "$(TARGET_NAME)";
				SWIFT_EMIT_LOC_STRINGS = NO;
				SWIFT_VERSION = 5.0;
				TARGETED_DEVICE_FAMILY = "1,2";
				TEST_HOST = "$(BUILT_PRODUCTS_DIR)/allAboutMe_Vidhi.app/$(BUNDLE_EXECUTABLE_FOLDER_PATH)/allAboutMe_Vidhi";
			};
			name = Release;
		};
		BD1F7D5F2A44BFEF00D7CBF5 /* Debug */ = {
			isa = XCBuildConfiguration;
			buildSettings = {
				ALWAYS_EMBED_SWIFT_STANDARD_LIBRARIES = YES;
				CODE_SIGN_STYLE = Automatic;
				CURRENT_PROJECT_VERSION = 1;
				GENERATE_INFOPLIST_FILE = YES;
				MARKETING_VERSION = 1.0;
				PRODUCT_BUNDLE_IDENTIFIER = "KWK.allAboutMe-VidhiUITests";
				PRODUCT_NAME = "$(TARGET_NAME)";
				SWIFT_EMIT_LOC_STRINGS = NO;
				SWIFT_VERSION = 5.0;
				TARGETED_DEVICE_FAMILY = "1,2";
				TEST_TARGET_NAME = allAboutMe_Vidhi;
			};
			name = Debug;
		};
		BD1F7D602A44BFEF00D7CBF5 /* Release */ = {
			isa = XCBuildConfiguration;
			buildSettings = {
				ALWAYS_EMBED_SWIFT_STANDARD_LIBRARIES = YES;
				CODE_SIGN_STYLE = Automatic;
				CURRENT_PROJECT_VERSION = 1;
				GENERATE_INFOPLIST_FILE = YES;
				MARKETING_VERSION = 1.0;
				PRODUCT_BUNDLE_IDENTIFIER = "KWK.allAboutMe-VidhiUITests";
				PRODUCT_NAME = "$(TARGET_NAME)";
				SWIFT_EMIT_LOC_STRINGS = NO;
				SWIFT_VERSION = 5.0;
				TARGETED_DEVICE_FAMILY = "1,2";
				TEST_TARGET_NAME = allAboutMe_Vidhi;
			};
			name = Release;
		};
/* End XCBuildConfiguration section */

/* Begin XCConfigurationList section */
		BD1F7D2F2A44BFED00D7CBF5 /* Build configuration list for PBXProject "allAboutMe_Vidhi" */ = {
			isa = XCConfigurationList;
			buildConfigurations = (
				BD1F7D562A44BFEF00D7CBF5 /* Debug */,
				BD1F7D572A44BFEF00D7CBF5 /* Release */,
			);
			defaultConfigurationIsVisible = 0;
			defaultConfigurationName = Release;
		};
		BD1F7D582A44BFEF00D7CBF5 /* Build configuration list for PBXNativeTarget "allAboutMe_Vidhi" */ = {
			isa = XCConfigurationList;
			buildConfigurations = (
				BD1F7D592A44BFEF00D7CBF5 /* Debug */,
				BD1F7D5A2A44BFEF00D7CBF5 /* Release */,
			);
			defaultConfigurationIsVisible = 0;
			defaultConfigurationName = Release;
		};
		BD1F7D5B2A44BFEF00D7CBF5 /* Build configuration list for PBXNativeTarget "allAboutMe_VidhiTests" */ = {
			isa = XCConfigurationList;
			buildConfigurations = (
				BD1F7D5C2A44BFEF00D7CBF5 /* Debug */,
				BD1F7D5D2A44BFEF00D7CBF5 /* Release */,
			);
			defaultConfigurationIsVisible = 0;
			defaultConfigurationName = Release;
		};
		BD1F7D5E2A44BFEF00D7CBF5 /* Build configuration list for PBXNativeTarget "allAboutMe_VidhiUITests" */ = {
			isa = XCConfigurationList;
			buildConfigurations = (
				BD1F7D5F2A44BFEF00D7CBF5 /* Debug */,
				BD1F7D602A44BFEF00D7CBF5 /* Release */,
			);
			defaultConfigurationIsVisible = 0;
			defaultConfigurationName = Release;
		};
/* End XCConfigurationList section */
	};
	rootObject = BD1F7D2C2A44BFED00D7CBF5 /* Project object */;
}
